
Microsoft Visual Studio Solution File, Format Version 12.00
# Visual Studio Version 17
VisualStudioVersion = 17.7.34031.279
MinimumVisualStudioVersion = 10.0.40219.1
Project("{9A19103F-16F7-4668-BE54-9A1E7A4F7556}") = "RestaurantWebsite", "ResturantWebsite\RestaurantWebsite.csproj", "{140722D6-EB6C-4CB3-A706-D20A41E02A6D}"
EndProject
Global
	GlobalSection(SolutionConfigurationPlatforms) = preSolution
		Debug|Any CPU = Debug|Any CPU
		Release|Any CPU = Release|Any CPU
	EndGlobalSection
	GlobalSection(ProjectConfigurationPlatforms) = postSolution
		{140722D6-EB6C-4CB3-A706-D20A41E02A6D}.Debug|Any CPU.ActiveCfg = Debug|Any CPU
		{140722D6-EB6C-4CB3-A706-D20A41E02A6D}.Debug|Any CPU.Build.0 = Debug|Any CPU
		{140722D6-EB6C-4CB3-A706-D20A41E02A6D}.Release|Any CPU.ActiveCfg = Release|Any CPU
		{140722D6-EB6C-4CB3-A706-D20A41E02A6D}.Release|Any CPU.Build.0 = Release|Any CPU
	EndGlobalSection
	GlobalSection(SolutionProperties) = preSolution
		HideSolutionNode = FALSE
	EndGlobalSection
	GlobalSection(ExtensibilityGlobals) = postSolution
		SolutionGuid = {7D5A95CA-3909-417A-9E80-32F5D56A7570}
	EndGlobalSection
EndGlobal
